// !$*UTF8*$!
{
	archiveVersion = 1;
	classes = {
	};
	objectVersion = 50;
	objects = {

/* Begin PBXBuildFile section */
		66A9227A21A8DED300D71FC3 /* AppDelegate.swift in Sources */ = {isa = PBXBuildFile; fileRef = 66A9227921A8DED300D71FC3 /* AppDelegate.swift */; };
		66A9227C21A8DED300D71FC3 /* ViewController.swift in Sources */ = {isa = PBXBuildFile; fileRef = 66A9227B21A8DED300D71FC3 /* ViewController.swift */; };
		66A9228221A8DED300D71FC3 /* CreateML_Example.xcdatamodeld in Sources */ = {isa = PBXBuildFile; fileRef = 66A9228021A8DED300D71FC3 /* CreateML_Example.xcdatamodeld */; };
		66A9228421A8DED400D71FC3 /* Assets.xcassets in Resources */ = {isa = PBXBuildFile; fileRef = 66A9228321A8DED400D71FC3 /* Assets.xcassets */; };
		66A9228721A8DED400D71FC3 /* LaunchScreen.storyboard in Resources */ = {isa = PBXBuildFile; fileRef = 66A9228521A8DED400D71FC3 /* LaunchScreen.storyboard */; };
		66A9228F21A8DF2E00D71FC3 /* Main.storyboard in Resources */ = {isa = PBXBuildFile; fileRef = 66A9228E21A8DF2E00D71FC3 /* Main.storyboard */; };
/* End PBXBuildFile section */

/* Begin PBXFileReference section */
		66A9227621A8DED300D71FC3 /* CreateML_Example.app */ = {isa = PBXFileReference; explicitFileType = wrapper.application; includeInIndex = 0; path = CreateML_Example.app; sourceTree = BUILT_PRODUCTS_DIR; };
		66A9227921A8DED300D71FC3 /* AppDelegate.swift */ = {isa = PBXFileReference; lastKnownFileType = sourcecode.swift; path = AppDelegate.swift; sourceTree = "<group>"; };
		66A9227B21A8DED300D71FC3 /* ViewController.swift */ = {isa = PBXFileReference; lastKnownFileType = sourcecode.swift; path = ViewController.swift; sourceTree = "<group>"; };
		66A9228121A8DED300D71FC3 /* CreateML_Example.xcdatamodel */ = {isa = PBXFileReference; lastKnownFileType = wrapper.xcdatamodel; path = CreateML_Example.xcdatamodel; sourceTree = "<group>"; };
		66A9228321A8DED400D71FC3 /* Assets.xcassets */ = {isa = PBXFileReference; lastKnownFileType = folder.assetcatalog; path = Assets.xcassets; sourceTree = "<group>"; };
		66A9228621A8DED400D71FC3 /* Base */ = {isa = PBXFileReference; lastKnownFileType = file.storyboard; name = Base; path = Base.lproj/LaunchScreen.storyboard; sourceTree = "<group>"; };
		66A9228821A8DED400D71FC3 /* Info.plist */ = {isa = PBXFileReference; lastKnownFileType = text.plist.xml; path = Info.plist; sourceTree = "<group>"; };
		66A9228E21A8DF2E00D71FC3 /* Main.storyboard */ = {isa = PBXFileReference; fileEncoding = 4; lastKnownFileType = file.storyboard; path = Main.storyboard; sourceTree = "<group>"; };
/* End PBXFileReference section */

/* Begin PBXFrameworksBuildPhase section */
		66A9227321A8DED300D71FC3 /* Frameworks */ = {
			isa = PBXFrameworksBuildPhase;
			buildActionMask = 2147483647;
			files = (
			);
			runOnlyForDeploymentPostprocessing = 0;
		};
/* End PBXFrameworksBuildPhase section */

/* Begin PBXGroup section */
		66A9226D21A8DED300D71FC3 = {
			isa = PBXGroup;
			children = (
				66A9227821A8DED300D71FC3 /* CreateML_Example */,
				66A9227721A8DED300D71FC3 /* Products */,
			);
			sourceTree = "<group>";
		};
		66A9227721A8DED300D71FC3 /* Products */ = {
			isa = PBXGroup;
			children = (
				66A9227621A8DED300D71FC3 /* CreateML_Example.app */,
			);
			name = Products;
			sourceTree = "<group>";
		};
		66A9227821A8DED300D71FC3 /* CreateML_Example */ = {
			isa = PBXGroup;
			children = (
				66A9227921A8DED300D71FC3 /* AppDelegate.swift */,
				66A9227B21A8DED300D71FC3 /* ViewController.swift */,
				66A9228E21A8DF2E00D71FC3 /* Main.storyboard */,
				66A9228321A8DED400D71FC3 /* Assets.xcassets */,
				66A9228521A8DED400D71FC3 /* LaunchScreen.storyboard */,
				66A9228821A8DED400D71FC3 /* Info.plist */,
				66A9228021A8DED300D71FC3 /* CreateML_Example.xcdatamodeld */,
			);
			path = CreateML_Example;
			sourceTree = "<group>";
		};
/* End PBXGroup section */

/* Begin PBXNativeTarget section */
		66A9227521A8DED300D71FC3 /* CreateML_Example */ = {
			isa = PBXNativeTarget;
			buildConfigurationList = 66A9228B21A8DED400D71FC3 /* Build configuration list for PBXNativeTarget "CreateML_Example" */;
			buildPhases = (
				66A9227221A8DED300D71FC3 /* Sources */,
				66A9227321A8DED300D71FC3 /* Frameworks */,
				66A9227421A8DED300D71FC3 /* Resources */,
			);
			buildRules = (
			);
			dependencies = (
			);
			name = CreateML_Example;
			productName = CreateML_Example;
			productReference = 66A9227621A8DED300D71FC3 /* CreateML_Example.app */;
			productType = "com.apple.product-type.application";
		};
/* End PBXNativeTarget section */

/* Begin PBXProject section */
		66A9226E21A8DED300D71FC3 /* Project object */ = {
			isa = PBXProject;
			attributes = {
				LastSwiftUpdateCheck = 1010;
				LastUpgradeCheck = 1010;
				ORGANIZATIONNAME = "Eduardo Lombardi";
				TargetAttributes = {
					66A9227521A8DED300D71FC3 = {
						CreatedOnToolsVersion = 10.1;
					};
				};
			};
			buildConfigurationList = 66A9227121A8DED300D71FC3 /* Build configuration list for PBXProject "CreateML_Example" */;
			compatibilityVersion = "Xcode 9.3";
			developmentRegion = en;
			hasScannedForEncodings = 0;
			knownRegions = (
				en,
				Base,
			);
			mainGroup = 66A9226D21A8DED300D71FC3;
			productRefGroup = 66A9227721A8DED300D71FC3 /* Products */;
			projectDirPath = "";
			projectRoot = "";
			targets = (
				66A9227521A8DED300D71FC3 /* CreateML_Example */,
			);
		};
/* End PBXProject section */

/* Begin PBXResourcesBuildPhase section */
		66A9227421A8DED300D71FC3 /* Resources */ = {
			isa = PBXResourcesBuildPhase;
			buildActionMask = 2147483647;
			files = (
				66A9228F21A8DF2E00D71FC3 /* Main.storyboard in Resources */,
				66A9228721A8DED400D71FC3 /* LaunchScreen.storyboard in Resources */,
				66A9228421A8DED400D71FC3 /* Assets.xcassets in Resources */,
			);
			runOnlyForDeploymentPostprocessing = 0;
		};
/* End PBXResourcesBuildPhase section */

/* Begin PBXSourcesBuildPhase section */
		66A9227221A8DED300D71FC3 /* Sources */ = {
			isa = PBXSourcesBuildPhase;
			buildActionMask = 2147483647;
			files = (
				66A9228221A8DED300D71FC3 /* CreateML_Example.xcdatamodeld in Sources */,
				66A9227C21A8DED300D71FC3 /* ViewController.swift in Sources */,
				66A9227A21A8DED300D71FC3 /* AppDelegate.swift in Sources */,
			);
			runOnlyForDeploymentPostprocessing = 0;
		};
/* End PBXSourcesBuildPhase section */

/* Begin PBXVariantGroup section */
		66A9228521A8DED400D71FC3 /* LaunchScreen.storyboard */ = {
			isa = PBXVariantGroup;
			children = (
				66A9228621A8DED400D71FC3 /* Base */,
			);
			name = LaunchScreen.storyboard;
			sourceTree = "<group>";
		};
/* End PBXVariantGroup section */

/* Begin XCBuildConfiguration section */
		66A9228921A8DED400D71FC3 /* Debug */ = {
			isa = XCBuildConfiguration;
			buildSettings = {
				ALWAYS_SEARCH_USER_PATHS = NO;
				CLANG_ANALYZER_NONNULL = YES;
				CLANG_ANALYZER_NUMBER_OBJECT_CONVERSION = YES_AGGRESSIVE;
				CLANG_CXX_LANGUAGE_STANDARD = "gnu++14";
				CLANG_CXX_LIBRARY = "libc++";
				CLANG_ENABLE_MODULES = YES;
				CLANG_ENABLE_OBJC_ARC = YES;
				CLANG_ENABLE_OBJC_WEAK = YES;
				CLANG_WARN_BLOCK_CAPTURE_AUTORELEASING = YES;
				CLANG_WARN_BOOL_CONVERSION = YES;
				CLANG_WARN_COMMA = YES;
				CLANG_WARN_CONSTANT_CONVERSION = YES;
				CLANG_WARN_DEPRECATED_OBJC_IMPLEMENTATIONS = YES;
				CLANG_WARN_DIRECT_OBJC_ISA_USAGE = YES_ERROR;
				CLANG_WARN_DOCUMENTATION_COMMENTS = YES;
				CLANG_WARN_EMPTY_BODY = YES;
				CLANG_WARN_ENUM_CONVERSION = YES;
				CLANG_WARN_INFINITE_RECURSION = YES;
				CLANG_WARN_INT_CONVERSION = YES;
				CLANG_WARN_NON_LITERAL_NULL_CONVERSION = YES;
				CLANG_WARN_OBJC_IMPLICIT_RETAIN_SELF = YES;
				CLANG_WARN_OBJC_LITERAL_CONVERSION = YES;
				CLANG_WARN_OBJC_ROOT_CLASS = YES_ERROR;
				CLANG_WARN_RANGE_LOOP_ANALYSIS = YES;
				CLANG_WARN_STRICT_PROTOTYPES = YES;
				CLANG_WARN_SUSPICIOUS_MOVE = YES;
				CLANG_WARN_UNGUARDED_AVAILABILITY = YES_AGGRESSIVE;
				CLANG_WARN_UNREACHABLE_CODE = YES;
				CLANG_WARN__DUPLICATE_METHOD_MATCH = YES;
				CODE_SIGN_IDENTITY = "iPhone Developer";
				COPY_PHASE_STRIP = NO;
				DEBUG_INFORMATION_FORMAT = dwarf;
				ENABLE_STRICT_OBJC_MSGSEND = YES;
				ENABLE_TESTABILITY = YES;
				GCC_C_LANGUAGE_STANDARD = gnu11;
				GCC_DYNAMIC_NO_PIC = NO;
				GCC_NO_COMMON_BLOCKS = YES;
				GCC_OPTIMIZATION_LEVEL = 0;
				GCC_PREPROCESSOR_DEFINITIONS = (
					"DEBUG=1",
					"$(inherited)",
				);
				GCC_WARN_64_TO_32_BIT_CONVERSION = YES;
				GCC_WARN_ABOUT_RETURN_TYPE = YES_ERROR;
				GCC_WARN_UNDECLARED_SELECTOR = YES;
				GCC_WARN_UNINITIALIZED_AUTOS = YES_AGGRESSIVE;
				GCC_WARN_UNUSED_FUNCTION = YES;
				GCC_WARN_UNUSED_VARIABLE = YES;
				IPHONEOS_DEPLOYMENT_TARGET = 12.1;
				MTL_ENABLE_DEBUG_INFO = INCLUDE_SOURCE;
				MTL_FAST_MATH = YES;
				ONLY_ACTIVE_ARCH = YES;
				SDKROOT = iphoneos;
				SWIFT_ACTIVE_COMPILATION_CONDITIONS = DEBUG;
				SWIFT_OPTIMIZATION_LEVEL = "-Onone";
			};
			name = Debug;
		};
		66A9228A21A8DED400D71FC3 /* Release */ = {
			isa = XCBuildConfiguration;
			buildSettings = {
				ALWAYS_SEARCH_USER_PATHS = NO;
				CLANG_ANALYZER_NONNULL = YES;
				CLANG_ANALYZER_NUMBER_OBJECT_CONVERSION = YES_AGGRESSIVE;
				CLANG_CXX_LANGUAGE_STANDARD = "gnu++14";
				CLANG_CXX_LIBRARY = "libc++";
				CLANG_ENABLE_MODULES = YES;
				CLANG_ENABLE_OBJC_ARC = YES;
				CLANG_ENABLE_OBJC_WEAK = YES;
				CLANG_WARN_BLOCK_CAPTURE_AUTORELEASING = YES;
				CLANG_WARN_BOOL_CONVERSION = YES;
				CLANG_WARN_COMMA = YES;
				CLANG_WARN_CONSTANT_CONVERSION = YES;
				CLANG_WARN_DEPRECATED_OBJC_IMPLEMENTATIONS = YES;
				CLANG_WARN_DIRECT_OBJC_ISA_USAGE = YES_ERROR;
				CLANG_WARN_DOCUMENTATION_COMMENTS = YES;
				CLANG_WARN_EMPTY_BODY = YES;
				CLANG_WARN_ENUM_CONVERSION = YES;
				CLANG_WARN_INFINITE_RECURSION = YES;
				CLANG_WARN_INT_CONVERSION = YES;
				CLANG_WARN_NON_LITERAL_NULL_CONVERSION = YES;
				CLANG_WARN_OBJC_IMPLICIT_RETAIN_SELF = YES;
				CLANG_WARN_OBJC_LITERAL_CONVERSION = YES;
				CLANG_WARN_OBJC_ROOT_CLASS = YES_ERROR;
				CLANG_WARN_RANGE_LOOP_ANALYSIS = YES;
				CLANG_WARN_STRICT_PROTOTYPES = YES;
				CLANG_WARN_SUSPICIOUS_MOVE = YES;
				CLANG_WARN_UNGUARDED_AVAILABILITY = YES_AGGRESSIVE;
				CLANG_WARN_UNREACHABLE_CODE = YES;
				CLANG_WARN__DUPLICATE_METHOD_MATCH = YES;
				CODE_SIGN_IDENTITY = "iPhone Developer";
				COPY_PHASE_STRIP = NO;
				DEBUG_INFORMATION_FORMAT = "dwarf-with-dsym";
				ENABLE_NS_ASSERTIONS = NO;
				ENABLE_STRICT_OBJC_MSGSEND = YES;
				GCC_C_LANGUAGE_STANDARD = gnu11;
				GCC_NO_COMMON_BLOCKS = YES;
				GCC_WARN_64_TO_32_BIT_CONVERSION = YES;
				GCC_WARN_ABOUT_RETURN_TYPE = YES_ERROR;
				GCC_WARN_UNDECLARED_SELECTOR = YES;
				GCC_WARN_UNINITIALIZED_AUTOS = YES_AGGRESSIVE;
				GCC_WARN_UNUSED_FUNCTION = YES;
				GCC_WARN_UNUSED_VARIABLE = YES;
				IPHONEOS_DEPLOYMENT_TARGET = 12.1;
				MTL_ENABLE_DEBUG_INFO = NO;
				MTL_FAST_MATH = YES;
				SDKROOT = iphoneos;
				SWIFT_COMPILATION_MODE = wholemodule;
				SWIFT_OPTIMIZATION_LEVEL = "-O";
				VALIDATE_PRODUCT = YES;
			};
			name = Release;
		};
		66A9228C21A8DED400D71FC3 /* Debug */ = {
			isa = XCBuildConfiguration;
			buildSettings = {
				ASSETCATALOG_COMPILER_APPICON_NAME = AppIcon;
				CODE_SIGN_STYLE = Automatic;
				DEVELOPMENT_TEAM = QZE9PCCX24;
				INFOPLIST_FILE = CreateML_Example/Info.plist;
				IPHONEOS_DEPLOYMENT_TARGET = 11.0;
				LD_RUNPATH_SEARCH_PATHS = (
					"$(inherited)",
					"@executable_path/Frameworks",
				);
				PRODUCT_BUNDLE_IDENTIFIER = "com.eduardolomb.CreateML-Example";
				PRODUCT_NAME = "$(TARGET_NAME)";
				SWIFT_VERSION = 4.2;
				TARGETED_DEVICE_FAMILY = "1,2";
			};
			name = Debug;
		};
		66A9228D21A8DED400D71FC3 /* Release */ = {
			isa = XCBuildConfiguration;
			buildSettings = {
				ASSETCATALOG_COMPILER_APPICON_NAME = AppIcon;
				CODE_SIGN_STYLE = Automatic;
				DEVELOPMENT_TEAM = QZE9PCCX24;
				INFOPLIST_FILE = CreateML_Example/Info.plist;
				IPHONEOS_DEPLOYMENT_TARGET = 11.0;
				LD_RUNPATH_SEARCH_PATHS = (
					"$(inherited)",
					"@executable_path/Frameworks",
				);
				PRODUCT_BUNDLE_IDENTIFIER = "com.eduardolomb.CreateML-Example";
				PRODUCT_NAME = "$(TARGET_NAME)";
				SWIFT_VERSION = 4.2;
				TARGETED_DEVICE_FAMILY = "1,2";
			};
			name = Release;
		};
/* End XCBuildConfiguration section */

/* Begin XCConfigurationList section */
		66A9227121A8DED300D71FC3 /* Build configuration list for PBXProject "CreateML_Example" */ = {
			isa = XCConfigurationList;
			buildConfigurations = (
				66A9228921A8DED400D71FC3 /* Debug */,
				66A9228A21A8DED400D71FC3 /* Release */,
			);
			defaultConfigurationIsVisible = 0;
			defaultConfigurationName = Release;
		};
		66A9228B21A8DED400D71FC3 /* Build configuration list for PBXNativeTarget "CreateML_Example" */ = {
			isa = XCConfigurationList;
			buildConfigurations = (
				66A9228C21A8DED400D71FC3 /* Debug */,
				66A9228D21A8DED400D71FC3 /* Release */,
			);
			defaultConfigurationIsVisible = 0;
			defaultConfigurationName = Release;
		};
/* End XCConfigurationList section */

/* Begin XCVersionGroup section */
		66A9228021A8DED300D71FC3 /* CreateML_Example.xcdatamodeld */ = {
			isa = XCVersionGroup;
			children = (
				66A9228121A8DED300D71FC3 /* CreateML_Example.xcdatamodel */,
			);
			currentVersion = 66A9228121A8DED300D71FC3 /* CreateML_Example.xcdatamodel */;
			path = CreateML_Example.xcdatamodeld;
			sourceTree = "<group>";
			versionGroupType = wrapper.xcdatamodel;
		};
/* End XCVersionGroup section */
	};
	rootObject = 66A9226E21A8DED300D71FC3 /* Project object */;
}
